// !$*UTF8*$!
{
	archiveVersion = 1;
	classes = {
	};
	objectVersion = 46;
	objects = {

/* Begin PBXBuildFile section */
		9E15BE031C41FB7B003A4131 /* xtCollectionViewController.m in Sources */ = {isa = PBXBuildFile; fileRef = 9E15BE021C41FB7B003A4131 /* xtCollectionViewController.m */; };
		9E15BE061C42010E003A4131 /* xtcell.m in Sources */ = {isa = PBXBuildFile; fileRef = 9E15BE051C42010E003A4131 /* xtcell.m */; };
		9E15BE091C425B68003A4131 /* xtWebView.m in Sources */ = {isa = PBXBuildFile; fileRef = 9E15BE081C425B68003A4131 /* xtWebView.m */; };
		9EDE1C5C1C412AE10047B19A /* main.m in Sources */ = {isa = PBXBuildFile; fileRef = 9EDE1C5B1C412AE10047B19A /* main.m */; };
		9EDE1C5F1C412AE10047B19A /* AppDelegate.m in Sources */ = {isa = PBXBuildFile; fileRef = 9EDE1C5E1C412AE10047B19A /* AppDelegate.m */; };
		9EDE1C671C412AE10047B19A /* Assets.xcassets in Resources */ = {isa = PBXBuildFile; fileRef = 9EDE1C661C412AE10047B19A /* Assets.xcassets */; };
		9EDE1C6A1C412AE10047B19A /* LaunchScreen.storyboard in Resources */ = {isa = PBXBuildFile; fileRef = 9EDE1C681C412AE10047B19A /* LaunchScreen.storyboard */; };
		9EDE1C751C412AE10047B19A /* xcodeTests.m in Sources */ = {isa = PBXBuildFile; fileRef = 9EDE1C741C412AE10047B19A /* xcodeTests.m */; };
		9EDE1C801C412AE10047B19A /* xcodeUITests.m in Sources */ = {isa = PBXBuildFile; fileRef = 9EDE1C7F1C412AE10047B19A /* xcodeUITests.m */; };
		9EDE1C991C412BF20047B19A /* jusive 2.m in Sources */ = {isa = PBXBuildFile; fileRef = 9EDE1C981C412BF20047B19A /* jusive 2.m */; };
		9EDE1C9C1C412C070047B19A /* jusive 3.m in Sources */ = {isa = PBXBuildFile; fileRef = 9EDE1C9B1C412C070047B19A /* jusive 3.m */; };
		9EDE1C9F1C412C1B0047B19A /* jusive 4.m in Sources */ = {isa = PBXBuildFile; fileRef = 9EDE1C9E1C412C1B0047B19A /* jusive 4.m */; };
		9EDE1CA21C412C2F0047B19A /* jusive 5.m in Sources */ = {isa = PBXBuildFile; fileRef = 9EDE1CA11C412C2F0047B19A /* jusive 5.m */; };
		9EDE1CA51C412C3B0047B19A /* jusive 6.m in Sources */ = {isa = PBXBuildFile; fileRef = 9EDE1CA41C412C3B0047B19A /* jusive 6.m */; };
		9EDE1CA81C412C690047B19A /* jusive 1.m in Sources */ = {isa = PBXBuildFile; fileRef = 9EDE1CA71C412C690047B19A /* jusive 1.m */; };
/* End PBXBuildFile section */

/* Begin PBXContainerItemProxy section */
		9EDE1C711C412AE10047B19A /* PBXContainerItemProxy */ = {
			isa = PBXContainerItemProxy;
			containerPortal = 9EDE1C4F1C412AE10047B19A /* Project object */;
			proxyType = 1;
			remoteGlobalIDString = 9EDE1C561C412AE10047B19A;
			remoteInfo = xcode;
		};
		9EDE1C7C1C412AE10047B19A /* PBXContainerItemProxy */ = {
			isa = PBXContainerItemProxy;
			containerPortal = 9EDE1C4F1C412AE10047B19A /* Project object */;
			proxyType = 1;
			remoteGlobalIDString = 9EDE1C561C412AE10047B19A;
			remoteInfo = xcode;
		};
/* End PBXContainerItemProxy section */

/* Begin PBXFileReference section */
		9E15BE011C41FB7B003A4131 /* xtCollectionViewController.h */ = {isa = PBXFileReference; fileEncoding = 4; lastKnownFileType = sourcecode.c.h; path = xtCollectionViewController.h; sourceTree = "<group>"; };
		9E15BE021C41FB7B003A4131 /* xtCollectionViewController.m */ = {isa = PBXFileReference; fileEncoding = 4; lastKnownFileType = sourcecode.c.objc; path = xtCollectionViewController.m; sourceTree = "<group>"; };
		9E15BE041C42010E003A4131 /* xtcell.h */ = {isa = PBXFileReference; fileEncoding = 4; lastKnownFileType = sourcecode.c.h; path = xtcell.h; sourceTree = "<group>"; };
		9E15BE051C42010E003A4131 /* xtcell.m */ = {isa = PBXFileReference; fileEncoding = 4; lastKnownFileType = sourcecode.c.objc; path = xtcell.m; sourceTree = "<group>"; };
		9E15BE071C425B68003A4131 /* xtWebView.h */ = {isa = PBXFileReference; fileEncoding = 4; lastKnownFileType = sourcecode.c.h; path = xtWebView.h; sourceTree = "<group>"; };
		9E15BE081C425B68003A4131 /* xtWebView.m */ = {isa = PBXFileReference; fileEncoding = 4; lastKnownFileType = sourcecode.c.objc; path = xtWebView.m; sourceTree = "<group>"; };
		9EDE1C571C412AE10047B19A /* xcode.app */ = {isa = PBXFileReference; explicitFileType = wrapper.application; includeInIndex = 0; path = xcode.app; sourceTree = BUILT_PRODUCTS_DIR; };
		9EDE1C5B1C412AE10047B19A /* main.m */ = {isa = PBXFileReference; lastKnownFileType = sourcecode.c.objc; path = main.m; sourceTree = "<group>"; };
		9EDE1C5D1C412AE10047B19A /* AppDelegate.h */ = {isa = PBXFileReference; lastKnownFileType = sourcecode.c.h; path = AppDelegate.h; sourceTree = "<group>"; };
		9EDE1C5E1C412AE10047B19A /* AppDelegate.m */ = {isa = PBXFileReference; lastKnownFileType = sourcecode.c.objc; path = AppDelegate.m; sourceTree = "<group>"; };
		9EDE1C661C412AE10047B19A /* Assets.xcassets */ = {isa = PBXFileReference; lastKnownFileType = folder.assetcatalog; path = Assets.xcassets; sourceTree = "<group>"; };
		9EDE1C691C412AE10047B19A /* Base */ = {isa = PBXFileReference; lastKnownFileType = file.storyboard; name = Base; path = Base.lproj/LaunchScreen.storyboard; sourceTree = "<group>"; };
		9EDE1C6B1C412AE10047B19A /* Info.plist */ = {isa = PBXFileReference; lastKnownFileType = text.plist.xml; path = Info.plist; sourceTree = "<group>"; };
		9EDE1C701C412AE10047B19A /* xcodeTests.xctest */ = {isa = PBXFileReference; explicitFileType = wrapper.cfbundle; includeInIndex = 0; path = xcodeTests.xctest; sourceTree = BUILT_PRODUCTS_DIR; };
		9EDE1C741C412AE10047B19A /* xcodeTests.m */ = {isa = PBXFileReference; lastKnownFileType = sourcecode.c.objc; path = xcodeTests.m; sourceTree = "<group>"; };
		9EDE1C761C412AE10047B19A /* Info.plist */ = {isa = PBXFileReference; lastKnownFileType = text.plist.xml; path = Info.plist; sourceTree = "<group>"; };
		9EDE1C7B1C412AE10047B19A /* xcodeUITests.xctest */ = {isa = PBXFileReference; explicitFileType = wrapper.cfbundle; includeInIndex = 0; path = xcodeUITests.xctest; sourceTree = BUILT_PRODUCTS_DIR; };
		9EDE1C7F1C412AE10047B19A /* xcodeUITests.m */ = {isa = PBXFileReference; lastKnownFileType = sourcecode.c.objc; path = xcodeUITests.m; sourceTree = "<group>"; };
		9EDE1C811C412AE10047B19A /* Info.plist */ = {isa = PBXFileReference; lastKnownFileType = text.plist.xml; path = Info.plist; sourceTree = "<group>"; };
		9EDE1C971C412BF20047B19A /* jusive 2.h */ = {isa = PBXFileReference; fileEncoding = 4; lastKnownFileType = sourcecode.c.h; path = "jusive 2.h"; sourceTree = "<group>"; };
		9EDE1C981C412BF20047B19A /* jusive 2.m */ = {isa = PBXFileReference; fileEncoding = 4; lastKnownFileType = sourcecode.c.objc; path = "jusive 2.m"; sourceTree = "<group>"; };
		9EDE1C9A1C412C070047B19A /* jusive 3.h */ = {isa = PBXFileReference; fileEncoding = 4; lastKnownFileType = sourcecode.c.h; path = "jusive 3.h"; sourceTree = "<group>"; };
		9EDE1C9B1C412C070047B19A /* jusive 3.m */ = {isa = PBXFileReference; fileEncoding = 4; lastKnownFileType = sourcecode.c.objc; path = "jusive 3.m"; sourceTree = "<group>"; };
		9EDE1C9D1C412C1B0047B19A /* jusive 4.h */ = {isa = PBXFileReference; fileEncoding = 4; lastKnownFileType = sourcecode.c.h; path = "jusive 4.h"; sourceTree = "<group>"; };
		9EDE1C9E1C412C1B0047B19A /* jusive 4.m */ = {isa = PBXFileReference; fileEncoding = 4; lastKnownFileType = sourcecode.c.objc; path = "jusive 4.m"; sourceTree = "<group>"; };
		9EDE1CA01C412C2F0047B19A /* jusive 5.h */ = {isa = PBXFileReference; fileEncoding = 4; lastKnownFileType = sourcecode.c.h; path = "jusive 5.h"; sourceTree = "<group>"; };
		9EDE1CA11C412C2F0047B19A /* jusive 5.m */ = {isa = PBXFileReference; fileEncoding = 4; lastKnownFileType = sourcecode.c.objc; path = "jusive 5.m"; sourceTree = "<group>"; };
		9EDE1CA31C412C3B0047B19A /* jusive 6.h */ = {isa = PBXFileReference; fileEncoding = 4; lastKnownFileType = sourcecode.c.h; path = "jusive 6.h"; sourceTree = "<group>"; };
		9EDE1CA41C412C3B0047B19A /* jusive 6.m */ = {isa = PBXFileReference; fileEncoding = 4; lastKnownFileType = sourcecode.c.objc; path = "jusive 6.m"; sourceTree = "<group>"; };
		9EDE1CA61C412C690047B19A /* jusive 1.h */ = {isa = PBXFileReference; fileEncoding = 4; lastKnownFileType = sourcecode.c.h; path = "jusive 1.h"; sourceTree = "<group>"; };
		9EDE1CA71C412C690047B19A /* jusive 1.m */ = {isa = PBXFileReference; fileEncoding = 4; lastKnownFileType = sourcecode.c.objc; path = "jusive 1.m"; sourceTree = "<group>"; };
/* End PBXFileReference section */

/* Begin PBXFrameworksBuildPhase section */
		9EDE1C541C412AE10047B19A /* Frameworks */ = {
			isa = PBXFrameworksBuildPhase;
			buildActionMask = 2147483647;
			files = (
			);
			runOnlyForDeploymentPostprocessing = 0;
		};
		9EDE1C6D1C412AE10047B19A /* Frameworks */ = {
			isa = PBXFrameworksBuildPhase;
			buildActionMask = 2147483647;
			files = (
			);
			runOnlyForDeploymentPostprocessing = 0;
		};
		9EDE1C781C412AE10047B19A /* Frameworks */ = {
			isa = PBXFrameworksBuildPhase;
			buildActionMask = 2147483647;
			files = (
			);
			runOnlyForDeploymentPostprocessing = 0;
		};
/* End PBXFrameworksBuildPhase section */

/* Begin PBXGroup section */
		9E15BDFD1C41FAD1003A4131 /* xt */ = {
			isa = PBXGroup;
			children = (
				9E15BE011C41FB7B003A4131 /* xtCollectionViewController.h */,
				9E15BE041C42010E003A4131 /* xtcell.h */,
				9E15BE051C42010E003A4131 /* xtcell.m */,
				9E15BE021C41FB7B003A4131 /* xtCollectionViewController.m */,
				9E15BE071C425B68003A4131 /* xtWebView.h */,
				9E15BE081C425B68003A4131 /* xtWebView.m */,
			);
			path = xt;
			sourceTree = "<group>";
		};
		9EDE1C4E1C412AE10047B19A = {
			isa = PBXGroup;
			children = (
				9EDE1C591C412AE10047B19A /* xcode */,
				9EDE1C731C412AE10047B19A /* xcodeTests */,
				9EDE1C7E1C412AE10047B19A /* xcodeUITests */,
				9EDE1C581C412AE10047B19A /* Products */,
			);
			sourceTree = "<group>";
		};
		9EDE1C581C412AE10047B19A /* Products */ = {
			isa = PBXGroup;
			children = (
				9EDE1C571C412AE10047B19A /* xcode.app */,
				9EDE1C701C412AE10047B19A /* xcodeTests.xctest */,
				9EDE1C7B1C412AE10047B19A /* xcodeUITests.xctest */,
			);
			name = Products;
			sourceTree = "<group>";
		};
		9EDE1C591C412AE10047B19A /* xcode */ = {
			isa = PBXGroup;
			children = (
				9EDE1C8D1C412BAE0047B19A /* Class */,
				9EDE1C5D1C412AE10047B19A /* AppDelegate.h */,
				9EDE1C5E1C412AE10047B19A /* AppDelegate.m */,
				9EDE1C661C412AE10047B19A /* Assets.xcassets */,
				9EDE1C681C412AE10047B19A /* LaunchScreen.storyboard */,
				9EDE1C6B1C412AE10047B19A /* Info.plist */,
				9EDE1C5A1C412AE10047B19A /* Supporting Files */,
			);
			path = xcode;
			sourceTree = "<group>";
		};
		9EDE1C5A1C412AE10047B19A /* Supporting Files */ = {
			isa = PBXGroup;
			children = (
				9EDE1C5B1C412AE10047B19A /* main.m */,
			);
			name = "Supporting Files";
			sourceTree = "<group>";
		};
		9EDE1C731C412AE10047B19A /* xcodeTests */ = {
			isa = PBXGroup;
			children = (
				9EDE1C741C412AE10047B19A /* xcodeTests.m */,
				9EDE1C761C412AE10047B19A /* Info.plist */,
			);
			path = xcodeTests;
			sourceTree = "<group>";
		};
		9EDE1C7E1C412AE10047B19A /* xcodeUITests */ = {
			isa = PBXGroup;
			children = (
				9EDE1C7F1C412AE10047B19A /* xcodeUITests.m */,
				9EDE1C811C412AE10047B19A /* Info.plist */,
			);
			path = xcodeUITests;
			sourceTree = "<group>";
		};
		9EDE1C8D1C412BAE0047B19A /* Class */ = {
			isa = PBXGroup;
			children = (
				9E15BDFD1C41FAD1003A4131 /* xt */,
				9EDE1C8E1C412BAE0047B19A /* jusive 1 */,
				9EDE1C8F1C412BAE0047B19A /* jusive 2 */,
				9EDE1C901C412BAE0047B19A /* jusive 3 */,
				9EDE1C911C412BAE0047B19A /* jusive 4 */,
				9EDE1C921C412BAE0047B19A /* jusive 5 */,
				9EDE1C931C412BAE0047B19A /* jusive 6 */,
			);
			path = Class;
			sourceTree = "<group>";
		};
		9EDE1C8E1C412BAE0047B19A /* jusive 1 */ = {
			isa = PBXGroup;
			children = (
				9EDE1CA61C412C690047B19A /* jusive 1.h */,
				9EDE1CA71C412C690047B19A /* jusive 1.m */,
			);
			path = "jusive 1";
			sourceTree = "<group>";
		};
		9EDE1C8F1C412BAE0047B19A /* jusive 2 */ = {
			isa = PBXGroup;
			children = (
				9EDE1C971C412BF20047B19A /* jusive 2.h */,
				9EDE1C981C412BF20047B19A /* jusive 2.m */,
			);
			path = "jusive 2";
			sourceTree = "<group>";
		};
		9EDE1C901C412BAE0047B19A /* jusive 3 */ = {
			isa = PBXGroup;
			children = (
				9EDE1C9A1C412C070047B19A /* jusive 3.h */,
				9EDE1C9B1C412C070047B19A /* jusive 3.m */,
			);
			path = "jusive 3";
			sourceTree = "<group>";
		};
		9EDE1C911C412BAE0047B19A /* jusive 4 */ = {
			isa = PBXGroup;
			children = (
				9EDE1C9D1C412C1B0047B19A /* jusive 4.h */,
				9EDE1C9E1C412C1B0047B19A /* jusive 4.m */,
			);
			path = "jusive 4";
			sourceTree = "<group>";
		};
		9EDE1C921C412BAE0047B19A /* jusive 5 */ = {
			isa = PBXGroup;
			children = (
				9EDE1CA01C412C2F0047B19A /* jusive 5.h */,
				9EDE1CA11C412C2F0047B19A /* jusive 5.m */,
			);
			path = "jusive 5";
			sourceTree = "<group>";
		};
		9EDE1C931C412BAE0047B19A /* jusive 6 */ = {
			isa = PBXGroup;
			children = (
				9EDE1CA31C412C3B0047B19A /* jusive 6.h */,
				9EDE1CA41C412C3B0047B19A /* jusive 6.m */,
			);
			path = "jusive 6";
			sourceTree = "<group>";
		};
/* End PBXGroup section */

/* Begin PBXNativeTarget section */
		9EDE1C561C412AE10047B19A /* xcode */ = {
			isa = PBXNativeTarget;
			buildConfigurationList = 9EDE1C841C412AE10047B19A /* Build configuration list for PBXNativeTarget "xcode" */;
			buildPhases = (
				9EDE1C531C412AE10047B19A /* Sources */,
				9EDE1C541C412AE10047B19A /* Frameworks */,
				9EDE1C551C412AE10047B19A /* Resources */,
			);
			buildRules = (
			);
			dependencies = (
			);
			name = xcode;
			productName = xcode;
			productReference = 9EDE1C571C412AE10047B19A /* xcode.app */;
			productType = "com.apple.product-type.application";
		};
		9EDE1C6F1C412AE10047B19A /* xcodeTests */ = {
			isa = PBXNativeTarget;
			buildConfigurationList = 9EDE1C871C412AE10047B19A /* Build configuration list for PBXNativeTarget "xcodeTests" */;
			buildPhases = (
				9EDE1C6C1C412AE10047B19A /* Sources */,
				9EDE1C6D1C412AE10047B19A /* Frameworks */,
				9EDE1C6E1C412AE10047B19A /* Resources */,
			);
			buildRules = (
			);
			dependencies = (
				9EDE1C721C412AE10047B19A /* PBXTargetDependency */,
			);
			name = xcodeTests;
			productName = xcodeTests;
			productReference = 9EDE1C701C412AE10047B19A /* xcodeTests.xctest */;
			productType = "com.apple.product-type.bundle.unit-test";
		};
		9EDE1C7A1C412AE10047B19A /* xcodeUITests */ = {
			isa = PBXNativeTarget;
			buildConfigurationList = 9EDE1C8A1C412AE10047B19A /* Build configuration list for PBXNativeTarget "xcodeUITests" */;
			buildPhases = (
				9EDE1C771C412AE10047B19A /* Sources */,
				9EDE1C781C412AE10047B19A /* Frameworks */,
				9EDE1C791C412AE10047B19A /* Resources */,
			);
			buildRules = (
			);
			dependencies = (
				9EDE1C7D1C412AE10047B19A /* PBXTargetDependency */,
			);
			name = xcodeUITests;
			productName = xcodeUITests;
			productReference = 9EDE1C7B1C412AE10047B19A /* xcodeUITests.xctest */;
			productType = "com.apple.product-type.bundle.ui-testing";
		};
/* End PBXNativeTarget section */

/* Begin PBXProject section */
		9EDE1C4F1C412AE10047B19A /* Project object */ = {
			isa = PBXProject;
			attributes = {
				LastUpgradeCheck = 0710;
				ORGANIZATIONNAME = Jusive;
				TargetAttributes = {
					9EDE1C561C412AE10047B19A = {
						CreatedOnToolsVersion = 7.1;
						DevelopmentTeam = X8GMQZHZP8;
					};
					9EDE1C6F1C412AE10047B19A = {
						CreatedOnToolsVersion = 7.1;
						DevelopmentTeam = X8GMQZHZP8;
						TestTargetID = 9EDE1C561C412AE10047B19A;
					};
					9EDE1C7A1C412AE10047B19A = {
						CreatedOnToolsVersion = 7.1;
						DevelopmentTeam = X8GMQZHZP8;
						TestTargetID = 9EDE1C561C412AE10047B19A;
					};
				};
			};
			buildConfigurationList = 9EDE1C521C412AE10047B19A /* Build configuration list for PBXProject "xcode" */;
			compatibilityVersion = "Xcode 3.2";
			developmentRegion = English;
			hasScannedForEncodings = 0;
			knownRegions = (
				en,
				Base,
			);
			mainGroup = 9EDE1C4E1C412AE10047B19A;
			productRefGroup = 9EDE1C581C412AE10047B19A /* Products */;
			projectDirPath = "";
			projectRoot = "";
			targets = (
				9EDE1C561C412AE10047B19A /* xcode */,
				9EDE1C6F1C412AE10047B19A /* xcodeTests */,
				9EDE1C7A1C412AE10047B19A /* xcodeUITests */,
			);
		};
/* End PBXProject section */

/* Begin PBXResourcesBuildPhase section */
		9EDE1C551C412AE10047B19A /* Resources */ = {
			isa = PBXResourcesBuildPhase;
			buildActionMask = 2147483647;
			files = (
				9EDE1C6A1C412AE10047B19A /* LaunchScreen.storyboard in Resources */,
				9EDE1C671C412AE10047B19A /* Assets.xcassets in Resources */,
			);
			runOnlyForDeploymentPostprocessing = 0;
		};
		9EDE1C6E1C412AE10047B19A /* Resources */ = {
			isa = PBXResourcesBuildPhase;
			buildActionMask = 2147483647;
			files = (
			);
			runOnlyForDeploymentPostprocessing = 0;
		};
		9EDE1C791C412AE10047B19A /* Resources */ = {
			isa = PBXResourcesBuildPhase;
			buildActionMask = 2147483647;
			files = (
			);
			runOnlyForDeploymentPostprocessing = 0;
		};
/* End PBXResourcesBuildPhase section */

/* Begin PBXSourcesBuildPhase section */
		9EDE1C531C412AE10047B19A /* Sources */ = {
			isa = PBXSourcesBuildPhase;
			buildActionMask = 2147483647;
			files = (
				9EDE1CA51C412C3B0047B19A /* jusive 6.m in Sources */,
				9EDE1C991C412BF20047B19A /* jusive 2.m in Sources */,
				9EDE1C5F1C412AE10047B19A /* AppDelegate.m in Sources */,
				9EDE1C5C1C412AE10047B19A /* main.m in Sources */,
				9EDE1CA81C412C690047B19A /* jusive 1.m in Sources */,
				9EDE1C9C1C412C070047B19A /* jusive 3.m in Sources */,
				9EDE1C9F1C412C1B0047B19A /* jusive 4.m in Sources */,
				9E15BE091C425B68003A4131 /* xtWebView.m in Sources */,
				9E15BE061C42010E003A4131 /* xtcell.m in Sources */,
				9EDE1CA21C412C2F0047B19A /* jusive 5.m in Sources */,
				9E15BE031C41FB7B003A4131 /* xtCollectionViewController.m in Sources */,
			);
			runOnlyForDeploymentPostprocessing = 0;
		};
		9EDE1C6C1C412AE10047B19A /* Sources */ = {
			isa = PBXSourcesBuildPhase;
			buildActionMask = 2147483647;
			files = (
				9EDE1C751C412AE10047B19A /* xcodeTests.m in Sources */,
			);
			runOnlyForDeploymentPostprocessing = 0;
		};
		9EDE1C771C412AE10047B19A /* Sources */ = {
			isa = PBXSourcesBuildPhase;
			buildActionMask = 2147483647;
			files = (
				9EDE1C801C412AE10047B19A /* xcodeUITests.m in Sources */,
			);
			runOnlyForDeploymentPostprocessing = 0;
		};
/* End PBXSourcesBuildPhase section */

/* Begin PBXTargetDependency section */
		9EDE1C721C412AE10047B19A /* PBXTargetDependency */ = {
			isa = PBXTargetDependency;
			target = 9EDE1C561C412AE10047B19A /* xcode */;
			targetProxy = 9EDE1C711C412AE10047B19A /* PBXContainerItemProxy */;
		};
		9EDE1C7D1C412AE10047B19A /* PBXTargetDependency */ = {
			isa = PBXTargetDependency;
			target = 9EDE1C561C412AE10047B19A /* xcode */;
			targetProxy = 9EDE1C7C1C412AE10047B19A /* PBXContainerItemProxy */;
		};
/* End PBXTargetDependency section */

/* Begin PBXVariantGroup section */
		9EDE1C681C412AE10047B19A /* LaunchScreen.storyboard */ = {
			isa = PBXVariantGroup;
			children = (
				9EDE1C691C412AE10047B19A /* Base */,
			);
			name = LaunchScreen.storyboard;
			sourceTree = "<group>";
		};
/* End PBXVariantGroup section */

/* Begin XCBuildConfiguration section */
		9EDE1C821C412AE10047B19A /* Debug */ = {
			isa = XCBuildConfiguration;
			buildSettings = {
				ALWAYS_SEARCH_USER_PATHS = NO;
				CLANG_CXX_LANGUAGE_STANDARD = "gnu++0x";
				CLANG_CXX_LIBRARY = "libc++";
				CLANG_ENABLE_MODULES = YES;
				CLANG_ENABLE_OBJC_ARC = YES;
				CLANG_WARN_BOOL_CONVERSION = YES;
				CLANG_WARN_CONSTANT_CONVERSION = YES;
				CLANG_WARN_DIRECT_OBJC_ISA_USAGE = YES_ERROR;
				CLANG_WARN_EMPTY_BODY = YES;
				CLANG_WARN_ENUM_CONVERSION = YES;
				CLANG_WARN_INT_CONVERSION = YES;
				CLANG_WARN_OBJC_ROOT_CLASS = YES_ERROR;
				CLANG_WARN_UNREACHABLE_CODE = YES;
				CLANG_WARN__DUPLICATE_METHOD_MATCH = YES;
				"CODE_SIGN_IDENTITY[sdk=iphoneos*]" = "iPhone Developer";
				COPY_PHASE_STRIP = NO;
				DEBUG_INFORMATION_FORMAT = dwarf;
				ENABLE_STRICT_OBJC_MSGSEND = YES;
				ENABLE_TESTABILITY = YES;
				GCC_C_LANGUAGE_STANDARD = gnu99;
				GCC_DYNAMIC_NO_PIC = NO;
				GCC_NO_COMMON_BLOCKS = YES;
				GCC_OPTIMIZATION_LEVEL = 0;
				GCC_PREPROCESSOR_DEFINITIONS = (
					"DEBUG=1",
					"$(inherited)",
				);
				GCC_WARN_64_TO_32_BIT_CONVERSION = YES;
				GCC_WARN_ABOUT_RETURN_TYPE = YES_ERROR;
				GCC_WARN_UNDECLARED_SELECTOR = YES;
				GCC_WARN_UNINITIALIZED_AUTOS = YES_AGGRESSIVE;
				GCC_WARN_UNUSED_FUNCTION = YES;
				GCC_WARN_UNUSED_VARIABLE = YES;
				IPHONEOS_DEPLOYMENT_TARGET = 9.1;
				MTL_ENABLE_DEBUG_INFO = YES;
				ONLY_ACTIVE_ARCH = YES;
				SDKROOT = iphoneos;
				TARGETED_DEVICE_FAMILY = "1,2";
			};
			name = Debug;
		};
		9EDE1C831C412AE10047B19A /* Release */ = {
			isa = XCBuildConfiguration;
			buildSettings = {
				ALWAYS_SEARCH_USER_PATHS = NO;
				CLANG_CXX_LANGUAGE_STANDARD = "gnu++0x";
				CLANG_CXX_LIBRARY = "libc++";
				CLANG_ENABLE_MODULES = YES;
				CLANG_ENABLE_OBJC_ARC = YES;
				CLANG_WARN_BOOL_CONVERSION = YES;
				CLANG_WARN_CONSTANT_CONVERSION = YES;
				CLANG_WARN_DIRECT_OBJC_ISA_USAGE = YES_ERROR;
				CLANG_WARN_EMPTY_BODY = YES;
				CLANG_WARN_ENUM_CONVERSION = YES;
				CLANG_WARN_INT_CONVERSION = YES;
				CLANG_WARN_OBJC_ROOT_CLASS = YES_ERROR;
				CLANG_WARN_UNREACHABLE_CODE = YES;
				CLANG_WARN__DUPLICATE_METHOD_MATCH = YES;
				"CODE_SIGN_IDENTITY[sdk=iphoneos*]" = "iPhone Developer";
				COPY_PHASE_STRIP = NO;
				DEBUG_INFORMATION_FORMAT = "dwarf-with-dsym";
				ENABLE_NS_ASSERTIONS = NO;
				ENABLE_STRICT_OBJC_MSGSEND = YES;
				GCC_C_LANGUAGE_STANDARD = gnu99;
				GCC_NO_COMMON_BLOCKS = YES;
				GCC_WARN_64_TO_32_BIT_CONVERSION = YES;
				GCC_WARN_ABOUT_RETURN_TYPE = YES_ERROR;
				GCC_WARN_UNDECLARED_SELECTOR = YES;
				GCC_WARN_UNINITIALIZED_AUTOS = YES_AGGRESSIVE;
				GCC_WARN_UNUSED_FUNCTION = YES;
				GCC_WARN_UNUSED_VARIABLE = YES;
				IPHONEOS_DEPLOYMENT_TARGET = 9.1;
				MTL_ENABLE_DEBUG_INFO = NO;
				SDKROOT = iphoneos;
				TARGETED_DEVICE_FAMILY = "1,2";
				VALIDATE_PRODUCT = YES;
			};
			name = Release;
		};
		9EDE1C851C412AE10047B19A /* Debug */ = {
			isa = XCBuildConfiguration;
			buildSettings = {
				ASSETCATALOG_COMPILER_APPICON_NAME = AppIcon;
				INFOPLIST_FILE = xcode/Info.plist;
				LD_RUNPATH_SEARCH_PATHS = "$(inherited) @executable_path/Frameworks";
				PRODUCT_BUNDLE_IDENTIFIER = com.jusive.xcode;
				PRODUCT_NAME = "$(TARGET_NAME)";
			};
			name = Debug;
		};
		9EDE1C861C412AE10047B19A /* Release */ = {
			isa = XCBuildConfiguration;
			buildSettings = {
				ASSETCATALOG_COMPILER_APPICON_NAME = AppIcon;
				INFOPLIST_FILE = xcode/Info.plist;
				LD_RUNPATH_SEARCH_PATHS = "$(inherited) @executable_path/Frameworks";
				PRODUCT_BUNDLE_IDENTIFIER = com.jusive.xcode;
				PRODUCT_NAME = "$(TARGET_NAME)";
			};
			name = Release;
		};
		9EDE1C881C412AE10047B19A /* Debug */ = {
			isa = XCBuildConfiguration;
			buildSettings = {
				BUNDLE_LOADER = "$(TEST_HOST)";
				INFOPLIST_FILE = xcodeTests/Info.plist;
				LD_RUNPATH_SEARCH_PATHS = "$(inherited) @executable_path/Frameworks @loader_path/Frameworks";
				PRODUCT_BUNDLE_IDENTIFIER = com.jusive.xcodeTests;
				PRODUCT_NAME = "$(TARGET_NAME)";
				TEST_HOST = "$(BUILT_PRODUCTS_DIR)/xcode.app/xcode";
			};
			name = Debug;
		};
		9EDE1C891C412AE10047B19A /* Release */ = {
			isa = XCBuildConfiguration;
			buildSettings = {
				BUNDLE_LOADER = "$(TEST_HOST)";
				INFOPLIST_FILE = xcodeTests/Info.plist;
				LD_RUNPATH_SEARCH_PATHS = "$(inherited) @executable_path/Frameworks @loader_path/Frameworks";
				PRODUCT_BUNDLE_IDENTIFIER = com.jusive.xcodeTests;
				PRODUCT_NAME = "$(TARGET_NAME)";
				TEST_HOST = "$(BUILT_PRODUCTS_DIR)/xcode.app/xcode";
			};
			name = Release;
		};
		9EDE1C8B1C412AE10047B19A /* Debug */ = {
			isa = XCBuildConfiguration;
			buildSettings = {
				INFOPLIST_FILE = xcodeUITests/Info.plist;
				LD_RUNPATH_SEARCH_PATHS = "$(inherited) @executable_path/Frameworks @loader_path/Frameworks";
				PRODUCT_BUNDLE_IDENTIFIER = com.jusive.xcodeUITests;
				PRODUCT_NAME = "$(TARGET_NAME)";
				TEST_TARGET_NAME = xcode;
				USES_XCTRUNNER = YES;
			};
			name = Debug;
		};
		9EDE1C8C1C412AE10047B19A /* Release */ = {
			isa = XCBuildConfiguration;
			buildSettings = {
				INFOPLIST_FILE = xcodeUITests/Info.plist;
				LD_RUNPATH_SEARCH_PATHS = "$(inherited) @executable_path/Frameworks @loader_path/Frameworks";
				PRODUCT_BUNDLE_IDENTIFIER = com.jusive.xcodeUITests;
				PRODUCT_NAME = "$(TARGET_NAME)";
				TEST_TARGET_NAME = xcode;
				USES_XCTRUNNER = YES;
			};
			name = Release;
		};
/* End XCBuildConfiguration section */

/* Begin XCConfigurationList section */
		9EDE1C521C412AE10047B19A /* Build configuration list for PBXProject "xcode" */ = {
			isa = XCConfigurationList;
			buildConfigurations = (
				9EDE1C821C412AE10047B19A /* Debug */,
				9EDE1C831C412AE10047B19A /* Release */,
			);
			defaultConfigurationIsVisible = 0;
			defaultConfigurationName = Release;
		};
		9EDE1C841C412AE10047B19A /* Build configuration list for PBXNativeTarget "xcode" */ = {
			isa = XCConfigurationList;
			buildConfigurations = (
				9EDE1C851C412AE10047B19A /* Debug */,
				9EDE1C861C412AE10047B19A /* Release */,
			);
			defaultConfigurationIsVisible = 0;
			defaultConfigurationName = Release;
		};
		9EDE1C871C412AE10047B19A /* Build configuration list for PBXNativeTarget "xcodeTests" */ = {
			isa = XCConfigurationList;
			buildConfigurations = (
				9EDE1C881C412AE10047B19A /* Debug */,
				9EDE1C891C412AE10047B19A /* Release */,
			);
			defaultConfigurationIsVisible = 0;
			defaultConfigurationName = Release;
		};
		9EDE1C8A1C412AE10047B19A /* Build configuration list for PBXNativeTarget "xcodeUITests" */ = {
			isa = XCConfigurationList;
			buildConfigurations = (
				9EDE1C8B1C412AE10047B19A /* Debug */,
				9EDE1C8C1C412AE10047B19A /* Release */,
			);
			defaultConfigurationIsVisible = 0;
			defaultConfigurationName = Release;
		};
/* End XCConfigurationList section */
	};
	rootObject = 9EDE1C4F1C412AE10047B19A /* Project object */;
}
